
Microsoft Visual Studio Solution File, Format Version 12.00
# Visual Studio Version 17
VisualStudioVersion = 17.8.34511.84
MinimumVisualStudioVersion = 10.0.40219.1
Project("{FAE04EC0-301F-11D3-BF4B-00C04F79EFBC}") = "ari.lab1", "ari.lab1.csproj", "{11B9D7FB-B392-4350-927E-BF5D4BCC1819}"
EndProject
Global
	GlobalSection(SolutionConfigurationPlatforms) = preSolution
		Debug|Any CPU = Debug|Any CPU
		Release|Any CPU = Release|Any CPU
	EndGlobalSection
	GlobalSection(ProjectConfigurationPlatforms) = postSolution
		{11B9D7FB-B392-4350-927E-BF5D4BCC1819}.Debug|Any CPU.ActiveCfg = Debug|Any CPU
		{11B9D7FB-B392-4350-927E-BF5D4BCC1819}.Debug|Any CPU.Build.0 = Debug|Any CPU
		{11B9D7FB-B392-4350-927E-BF5D4BCC1819}.Release|Any CPU.ActiveCfg = Release|Any CPU
		{11B9D7FB-B392-4350-927E-BF5D4BCC1819}.Release|Any CPU.Build.0 = Release|Any CPU
	EndGlobalSection
	GlobalSection(SolutionProperties) = preSolution
		HideSolutionNode = FALSE
	EndGlobalSection
	GlobalSection(ExtensibilityGlobals) = postSolution
		SolutionGuid = {2A15B321-BECF-49E0-B9D2-6C69FCE43849}
	EndGlobalSection
EndGlobal
